
Microsoft Visual Studio Solution File, Format Version 12.00
# Visual Studio 15
VisualStudioVersion = 15.0.35319.79
MinimumVisualStudioVersion = 10.0.40219.1
Project("{FAE04EC0-301F-11D3-BF4B-00C04F79EFBC}") = "AdresDefteriSinifi", "AdresDefteriSinifi\AdresDefteriSinifi.csproj", "{6A7B3B2C-25E7-4CEC-B8CF-192ADA404E64}"
EndProject
Global
	GlobalSection(SolutionConfigurationPlatforms) = preSolution
		Debug|Any CPU = Debug|Any CPU
		Release|Any CPU = Release|Any CPU
	EndGlobalSection
	GlobalSection(ProjectConfigurationPlatforms) = postSolution
		{6A7B3B2C-25E7-4CEC-B8CF-192ADA404E64}.Debug|Any CPU.ActiveCfg = Debug|Any CPU
		{6A7B3B2C-25E7-4CEC-B8CF-192ADA404E64}.Debug|Any CPU.Build.0 = Debug|Any CPU
		{6A7B3B2C-25E7-4CEC-B8CF-192ADA404E64}.Release|Any CPU.ActiveCfg = Release|Any CPU
		{6A7B3B2C-25E7-4CEC-B8CF-192ADA404E64}.Release|Any CPU.Build.0 = Release|Any CPU
	EndGlobalSection
	GlobalSection(SolutionProperties) = preSolution
		HideSolutionNode = FALSE
	EndGlobalSection
	GlobalSection(ExtensibilityGlobals) = postSolution
		SolutionGuid = {C5BAAF97-236C-4CCC-B2C8-0DF76BE876CE}
	EndGlobalSection
EndGlobal
